
Microsoft Visual Studio Solution File, Format Version 12.00
# Visual Studio Version 17
VisualStudioVersion = 17.4.33205.214
MinimumVisualStudioVersion = 10.0.40219.1
Project("{FAE04EC0-301F-11D3-BF4B-00C04F79EFBC}") = "prog1", "prog1\prog1.csproj", "{928BA6F3-539E-4015-B088-FC3559BE063E}"
EndProject
Global
	GlobalSection(SolutionConfigurationPlatforms) = preSolution
		Debug|Any CPU = Debug|Any CPU
		Release|Any CPU = Release|Any CPU
	EndGlobalSection
	GlobalSection(ProjectConfigurationPlatforms) = postSolution
		{928BA6F3-539E-4015-B088-FC3559BE063E}.Debug|Any CPU.ActiveCfg = Debug|Any CPU
		{928BA6F3-539E-4015-B088-FC3559BE063E}.Debug|Any CPU.Build.0 = Debug|Any CPU
		{928BA6F3-539E-4015-B088-FC3559BE063E}.Release|Any CPU.ActiveCfg = Release|Any CPU
		{928BA6F3-539E-4015-B088-FC3559BE063E}.Release|Any CPU.Build.0 = Release|Any CPU
	EndGlobalSection
	GlobalSection(SolutionProperties) = preSolution
		HideSolutionNode = FALSE
	EndGlobalSection
	GlobalSection(ExtensibilityGlobals) = postSolution
		SolutionGuid = {B2448FC9-470E-429E-891E-2EE111CAC771}
	EndGlobalSection
EndGlobal
